
Microsoft Visual Studio Solution File, Format Version 10.00
# Visual C# Express 2008
Project("{FAE04EC0-301F-11D3-BF4B-00C04F79EFBC}") = "DotTail", "DotTail\DotTail.csproj", "{DB6E6D31-44C1-4254-9F59-2AAA685F527B}"
EndProject
Global
	GlobalSection(SolutionConfigurationPlatforms) = preSolution
		Debug|Any CPU = Debug|Any CPU
		Release|Any CPU = Release|Any CPU
	EndGlobalSection
	GlobalSection(ProjectConfigurationPlatforms) = postSolution
		{DB6E6D31-44C1-4254-9F59-2AAA685F527B}.Debug|Any CPU.ActiveCfg = Debug|Any CPU
		{DB6E6D31-44C1-4254-9F59-2AAA685F527B}.Debug|Any CPU.Build.0 = Debug|Any CPU
		{DB6E6D31-44C1-4254-9F59-2AAA685F527B}.Release|Any CPU.ActiveCfg = Release|Any CPU
		{DB6E6D31-44C1-4254-9F59-2AAA685F527B}.Release|Any CPU.Build.0 = Release|Any CPU
	EndGlobalSection
	GlobalSection(SolutionProperties) = preSolution
		HideSolutionNode = FALSE
	EndGlobalSection
EndGlobal
